
Microsoft Visual Studio Solution File, Format Version 12.00
# Visual Studio Version 16
VisualStudioVersion = 16.0.30717.126
MinimumVisualStudioVersion = 10.0.40219.1
Project("{9A19103F-16F7-4668-BE54-9A1E7A4F7556}") = "DiaB.WebApi", "DiaB.WebApi\DiaB.WebApi.csproj", "{FE3AEF95-5685-46A8-9966-470CAAE7D466}"
EndProject
Project("{9A19103F-16F7-4668-BE54-9A1E7A4F7556}") = "DiaB.Middle", "DiaB.Middle\DiaB.Middle.csproj", "{8DAFC69C-EAC0-4016-AB4F-9027B31CA0A8}"
EndProject
Project("{9A19103F-16F7-4668-BE54-9A1E7A4F7556}") = "DiaB.Data", "DiaB.Data\DiaB.Data.csproj", "{3AE2CD62-8B76-499B-8BBB-2C4347771EFD}"
EndProject
Project("{9A19103F-16F7-4668-BE54-9A1E7A4F7556}") = "DiaB.Common", "DiaB.Common\DiaB.Common.csproj", "{3B488D38-B41D-4744-8D19-F81781360198}"
EndProject
Project("{FAE04EC0-301F-11D3-BF4B-00C04F79EFBC}") = "DiaB.Import", "DiaB.Import\DiaB.Import.csproj", "{DC9123B4-5659-43EA-9315-206D5B0FAF33}"
EndProject
Global
	GlobalSection(SolutionConfigurationPlatforms) = preSolution
		Debug|Any CPU = Debug|Any CPU
		Release|Any CPU = Release|Any CPU
	EndGlobalSection
	GlobalSection(ProjectConfigurationPlatforms) = postSolution
		{FE3AEF95-5685-46A8-9966-470CAAE7D466}.Debug|Any CPU.ActiveCfg = Debug|Any CPU
		{FE3AEF95-5685-46A8-9966-470CAAE7D466}.Debug|Any CPU.Build.0 = Debug|Any CPU
		{FE3AEF95-5685-46A8-9966-470CAAE7D466}.Release|Any CPU.ActiveCfg = Release|Any CPU
		{FE3AEF95-5685-46A8-9966-470CAAE7D466}.Release|Any CPU.Build.0 = Release|Any CPU
		{8DAFC69C-EAC0-4016-AB4F-9027B31CA0A8}.Debug|Any CPU.ActiveCfg = Debug|Any CPU
		{8DAFC69C-EAC0-4016-AB4F-9027B31CA0A8}.Debug|Any CPU.Build.0 = Debug|Any CPU
		{8DAFC69C-EAC0-4016-AB4F-9027B31CA0A8}.Release|Any CPU.ActiveCfg = Release|Any CPU
		{8DAFC69C-EAC0-4016-AB4F-9027B31CA0A8}.Release|Any CPU.Build.0 = Release|Any CPU
		{3AE2CD62-8B76-499B-8BBB-2C4347771EFD}.Debug|Any CPU.ActiveCfg = Debug|Any CPU
		{3AE2CD62-8B76-499B-8BBB-2C4347771EFD}.Debug|Any CPU.Build.0 = Debug|Any CPU
		{3AE2CD62-8B76-499B-8BBB-2C4347771EFD}.Release|Any CPU.ActiveCfg = Release|Any CPU
		{3AE2CD62-8B76-499B-8BBB-2C4347771EFD}.Release|Any CPU.Build.0 = Release|Any CPU
		{3B488D38-B41D-4744-8D19-F81781360198}.Debug|Any CPU.ActiveCfg = Debug|Any CPU
		{3B488D38-B41D-4744-8D19-F81781360198}.Debug|Any CPU.Build.0 = Debug|Any CPU
		{3B488D38-B41D-4744-8D19-F81781360198}.Release|Any CPU.ActiveCfg = Release|Any CPU
		{3B488D38-B41D-4744-8D19-F81781360198}.Release|Any CPU.Build.0 = Release|Any CPU
		{DC9123B4-5659-43EA-9315-206D5B0FAF33}.Debug|Any CPU.ActiveCfg = Debug|Any CPU
		{DC9123B4-5659-43EA-9315-206D5B0FAF33}.Debug|Any CPU.Build.0 = Debug|Any CPU
		{DC9123B4-5659-43EA-9315-206D5B0FAF33}.Release|Any CPU.ActiveCfg = Release|Any CPU
		{DC9123B4-5659-43EA-9315-206D5B0FAF33}.Release|Any CPU.Build.0 = Release|Any CPU
	EndGlobalSection
	GlobalSection(SolutionProperties) = preSolution
		HideSolutionNode = FALSE
	EndGlobalSection
	GlobalSection(ExtensibilityGlobals) = postSolution
		SolutionGuid = {D572B18B-FFF1-4F7C-80AF-5F84DAD18993}
	EndGlobalSection
EndGlobal
