
Microsoft Visual Studio Solution File, Format Version 12.00
# Visual Studio Version 16
VisualStudioVersion = 16.0.29403.142
MinimumVisualStudioVersion = 10.0.40219.1
Project("{9A19103F-16F7-4668-BE54-9A1E7A4F7556}") = "DiaB.Core", "DiaB.Core\DiaB.Core.csproj", "{F17EE043-AB44-42B7-A5D1-AC24A865780B}"
EndProject
Project("{9A19103F-16F7-4668-BE54-9A1E7A4F7556}") = "DiaB.IdentityServer", "DiaB.IdentityServer\DiaB.IdentityServer.csproj", "{C3371857-78EC-47BA-881B-8D3484220B4F}"
EndProject
Global
	GlobalSection(SolutionConfigurationPlatforms) = preSolution
		Debug|Any CPU = Debug|Any CPU
		Release|Any CPU = Release|Any CPU
	EndGlobalSection
	GlobalSection(ProjectConfigurationPlatforms) = postSolution
		{F17EE043-AB44-42B7-A5D1-AC24A865780B}.Debug|Any CPU.ActiveCfg = Debug|Any CPU
		{F17EE043-AB44-42B7-A5D1-AC24A865780B}.Debug|Any CPU.Build.0 = Debug|Any CPU
		{F17EE043-AB44-42B7-A5D1-AC24A865780B}.Release|Any CPU.ActiveCfg = Release|Any CPU
		{F17EE043-AB44-42B7-A5D1-AC24A865780B}.Release|Any CPU.Build.0 = Release|Any CPU
		{C3371857-78EC-47BA-881B-8D3484220B4F}.Debug|Any CPU.ActiveCfg = Debug|Any CPU
		{C3371857-78EC-47BA-881B-8D3484220B4F}.Debug|Any CPU.Build.0 = Debug|Any CPU
		{C3371857-78EC-47BA-881B-8D3484220B4F}.Release|Any CPU.ActiveCfg = Release|Any CPU
		{C3371857-78EC-47BA-881B-8D3484220B4F}.Release|Any CPU.Build.0 = Release|Any CPU
	EndGlobalSection
	GlobalSection(SolutionProperties) = preSolution
		HideSolutionNode = FALSE
	EndGlobalSection
	GlobalSection(ExtensibilityGlobals) = postSolution
		SolutionGuid = {0D4C179B-9F14-433D-9C19-5DE056D082ED}
	EndGlobalSection
EndGlobal
